# This file was autogenerated by Stack.
# You should not edit this file by hand.
# For more information, please see the documentation at:
#   https://docs.haskellstack.org/en/stable/lock_files

packages:
- completed:
    hackage: network-run-0.2.1@sha256:279a9bfc302c17e2dd1a02df40f93dd722dbca4229810b9e9d3faf39e8a5b90a,851
    pantry-tree:
      size: 381
      sha256: 61a00784f3c2893cb956f1a907e9fb214f797f076408f85352cc7b097982e4e8
  original:
    hackage: network-run-0.2.1@sha256:279a9bfc302c17e2dd1a02df40f93dd722dbca4229810b9e9d3faf39e8a5b90a,851
- completed:
    hackage: network-3.1.1.0@sha256:c60e754c878bf769476c8f717ca36dfa54a5151d8aa058778decf92680ed3841,4268
    pantry-tree:
      size: 3297
      sha256: aff9e181eb0db8aba669789f384f036d9cc436d47447fe6a45738ee019011683
  original:
    hackage: network-3.1.1.0@sha256:c60e754c878bf769476c8f717ca36dfa54a5151d8aa058778decf92680ed3841,4268
snapshots:
- completed:
    size: 524804
    url: https://raw.githubusercontent.com/commercialhaskell/stackage-snapshots/master/lts/14/16.yaml
    sha256: 4d1519a4372d051d47a5eae2241cf3fb54e113d7475f89707ddb6ec06add2888
  original: lts-14.16
